{
	"name": "dojo",
	"version": "1.17.0-pre",
	"lockfileVersion": 1,
	"requires": true,
	"dependencies": {
		"abbrev": {
			"version": "1.1.1",
			"resolved": "https://registry.npmjs.org/abbrev/-/abbrev-1.1.1.tgz",
			"integrity": "sha512-nne9/IiQ/hzIhY6pdDnbBtz7DjPTKrY00P/zvPSm5pOFkl6xuGrGnXn/VtTNNfNtAfZ9/1RtehkszU9qcTii0Q==",
			"dev": true
		},
		"adm-zip": {
			"version": "0.4.14",
			"resolved": "https://registry.npmjs.org/adm-zip/-/adm-zip-0.4.14.tgz",
			"integrity": "sha512-/9aQCnQHF+0IiCl0qhXoK7qs//SwYE7zX8lsr/DNk1BRAHYxeLZPL4pguwK29gUEqasYQjqPtEpDRSWEkdHn9g==",
			"dev": true
		},
		"amdefine": {
			"version": "1.0.1",
			"resolved": "https://registry.npmjs.org/amdefine/-/amdefine-1.0.1.tgz",
			"integrity": "sha1-SlKCrBZHKek2Gbz9OtFR+BfOkfU=",
			"dev": true
		},
		"argparse": {
			"version": "1.0.10",
			"resolved": "https://registry.npmjs.org/argparse/-/argparse-1.0.10.tgz",
			"integrity": "sha512-o5Roy6tNG4SL/FOkCAN6RzjiakZS25RLYFrcMttJqbdd8BWrnA+fGz57iN5Pb06pvBGvl5gQ0B48dJlslXvoTg==",
			"dev": true,
			"requires": {
				"sprintf-js": "~1.0.2"
			}
		},
		"balanced-match": {
			"version": "1.0.0",
			"resolved": "https://registry.npmjs.org/balanced-match/-/balanced-match-1.0.0.tgz",
			"integrity": "sha1-ibTRmasr7kneFk6gK4nORi1xt2c=",
			"dev": true
		},
		"block-stream": {
			"version": "0.0.9",
			"resolved": "https://registry.npmjs.org/block-stream/-/block-stream-0.0.9.tgz",
			"integrity": "sha1-E+v+d4oDIFz+A3UUgeu0szAMEmo=",
			"dev": true,
			"requires": {
				"inherits": "~2.0.0"
			}
		},
		"brace-expansion": {
			"version": "1.1.11",
			"resolved": "https://registry.npmjs.org/brace-expansion/-/brace-expansion-1.1.11.tgz",
			"integrity": "sha512-iCuPHDFgrHX7H2vEI/5xpz07zSHB00TpugqhmYtVmMO6518mCuRMoOYFldEBl0g187ufozdaHgWKcYFb61qGiA==",
			"dev": true,
			"requires": {
				"balanced-match": "^1.0.0",
				"concat-map": "0.0.1"
			}
		},
		"charm": {
			"version": "0.2.0",
			"resolved": "https://registry.npmjs.org/charm/-/charm-0.2.0.tgz",
			"integrity": "sha1-us0G2HF3WTYvemYqHpZ691N/2os=",
			"dev": true
		},
		"concat-map": {
			"version": "0.0.1",
			"resolved": "https://registry.npmjs.org/concat-map/-/concat-map-0.0.1.tgz",
			"integrity": "sha1-2Klr13/Wjfd5OnMDajug1UBdR3s=",
			"dev": true
		},
		"decompress": {
			"version": "0.2.3",
			"resolved": "https://registry.npmjs.org/decompress/-/decompress-0.2.3.tgz",
			"integrity": "sha1-rUcaD8UbcZO3L2DJ4EDOGnpLn8w=",
			"dev": true,
			"requires": {
				"adm-zip": "^0.4.3",
				"extname": "^0.1.1",
				"get-stdin": "^0.1.0",
				"map-key": "^0.1.1",
				"mkdirp": "^0.3.5",
				"nopt": "^2.2.0",
				"rimraf": "^2.2.2",
				"stream-combiner": "^0.0.4",
				"tar": "^0.1.18",
				"tempfile": "^0.1.2"
			},
			"dependencies": {
				"glob": {
					"version": "7.1.6",
					"resolved": "https://registry.npmjs.org/glob/-/glob-7.1.6.tgz",
					"integrity": "sha512-LwaxwyZ72Lk7vZINtNNrywX0ZuLyStrdDtabefZKAY5ZGJhVtgdznluResxNmPitE0SAO+O26sWTHeKSI2wMBA==",
					"dev": true,
					"requires": {
						"fs.realpath": "^1.0.0",
						"inflight": "^1.0.4",
						"inherits": "2",
						"minimatch": "^3.0.4",
						"once": "^1.3.0",
						"path-is-absolute": "^1.0.0"
					}
				},
				"minimatch": {
					"version": "3.0.4",
					"resolved": "https://registry.npmjs.org/minimatch/-/minimatch-3.0.4.tgz",
					"integrity": "sha512-yJHVQEhyqPLUTgt9B83PXu6W3rx4MvvHvSUvToogpwoGDOUQ+yDrR0HRot+yOCdCO7u4hX3pWft6kWBBcqh0UA==",
					"dev": true,
					"requires": {
						"brace-expansion": "^1.1.7"
					}
				},
				"mkdirp": {
					"version": "0.3.5",
					"resolved": "https://registry.npmjs.org/mkdirp/-/mkdirp-0.3.5.tgz",
					"integrity": "sha1-3j5fiWHIjHh+4TaN+EmsRBPsqNc=",
					"dev": true
				},
				"rimraf": {
					"version": "2.7.1",
					"resolved": "https://registry.npmjs.org/rimraf/-/rimraf-2.7.1.tgz",
					"integrity": "sha512-uWjbaKIK3T1OSVptzX7Nl6PvQ3qAGtKEtVRjRuazjfL3Bx5eI409VZSqgND+4UNnmzLVdPj9FqFJNPqBZFve4w==",
					"dev": true,
					"requires": {
						"glob": "^7.1.3"
					}
				}
			}
		},
		"diff": {
			"version": "1.1.0",
			"resolved": "https://registry.npmjs.org/diff/-/diff-1.1.0.tgz",
			"integrity": "sha1-eYpJOBqkZBUem08Ob/Kwmooa0j8=",
			"dev": true
		},
		"digdug": {
			"version": "1.2.1",
			"resolved": "https://registry.npmjs.org/digdug/-/digdug-1.2.1.tgz",
			"integrity": "sha1-n40FC9dy5A1W7Oz4pJopo4v42Ag=",
			"dev": true,
			"requires": {
				"decompress": "0.2.3",
				"dojo": "2.0.0-alpha4"
			},
			"dependencies": {
				"dojo": {
					"version": "2.0.0-alpha4",
					"resolved": "https://registry.npmjs.org/dojo/-/dojo-2.0.0-alpha4.tgz",
					"integrity": "sha1-OUTRjZ9pS/hOZBqtTH1PNDfLBFk=",
					"dev": true
				}
			}
		},
		"dojo": {
			"version": "1.17.0-pre",
			"resolved": "https://registry.npmjs.org/dojo/-/dojo-1.17.0-pre.tgz",
			"integrity": "sha512-AAyKHIthBYMQbOE4SdXxXSBKt7DE4Y7GFCAjbKwDwetSFGw7G+9Ng8rC29K2p5w9oOjBdMprQcPmxgLktsiB3A==",
			"dev": true
		},
		"duplexer": {
			"version": "0.1.1",
			"resolved": "https://registry.npmjs.org/duplexer/-/duplexer-0.1.1.tgz",
			"integrity": "sha1-rOb/gIwc5mtX0ev5eXessCM0z8E=",
			"dev": true
		},
		"escodegen": {
			"version": "1.3.3",
			"resolved": "https://registry.npmjs.org/escodegen/-/escodegen-1.3.3.tgz",
			"integrity": "sha1-8CQBb1qI4Eb9EgBQVek5gC5sXyM=",
			"dev": true,
			"requires": {
				"esprima": "~1.1.1",
				"estraverse": "~1.5.0",
				"esutils": "~1.0.0",
				"source-map": "~0.1.33"
			},
			"dependencies": {
				"esprima": {
					"version": "1.1.1",
					"resolved": "https://registry.npmjs.org/esprima/-/esprima-1.1.1.tgz",
					"integrity": "sha1-W28VR/TRAuZw4UDFCb5ncdautUk=",
					"dev": true
				}
			}
		},
		"esprima": {
			"version": "1.2.5",
			"resolved": "https://registry.npmjs.org/esprima/-/esprima-1.2.5.tgz",
			"integrity": "sha1-CZNQL+r2aBODJXVvMPmlH+7sEek=",
			"dev": true
		},
		"estraverse": {
			"version": "1.5.1",
			"resolved": "https://registry.npmjs.org/estraverse/-/estraverse-1.5.1.tgz",
			"integrity": "sha1-hno+jlip+EYYr7bC3bzZFrfLr3E=",
			"dev": true
		},
		"esutils": {
			"version": "1.0.0",
			"resolved": "https://registry.npmjs.org/esutils/-/esutils-1.0.0.tgz",
			"integrity": "sha1-gVHTWOIMisx/t0XnRywAJf5JZXA=",
			"dev": true
		},
		"eventemitter3": {
			"version": "4.0.7",
			"resolved": "https://registry.npmjs.org/eventemitter3/-/eventemitter3-4.0.7.tgz",
			"integrity": "sha512-8guHBZCwKnFhYdHr2ysuRWErTwhoN2X8XELRlrRwpmfeY2jjuUN4taQMsULKUVo1K4DvZl+0pgfyoysHxvmvEw==",
			"dev": true
		},
		"ext-list": {
			"version": "0.2.0",
			"resolved": "https://registry.npmjs.org/ext-list/-/ext-list-0.2.0.tgz",
			"integrity": "sha1-NhTV8pn0pZKolinn3oJfF3TRmr0=",
			"dev": true,
			"requires": {
				"got": "^0.2.0"
			}
		},
		"extname": {
			"version": "0.1.5",
			"resolved": "https://registry.npmjs.org/extname/-/extname-0.1.5.tgz",
			"integrity": "sha1-PLs4jQ2sYIbFMTPN+hCAdNinVS4=",
			"dev": true,
			"requires": {
				"ext-list": "^0.2.0",
				"map-key": "^0.1.1",
				"underscore.string": "~2.3.3"
			}
		},
		"fileset": {
			"version": "0.1.8",
			"resolved": "https://registry.npmjs.org/fileset/-/fileset-0.1.8.tgz",
			"integrity": "sha1-UGuRqTluqn4y+0KoQHfHoMc2t0E=",
			"dev": true,
			"requires": {
				"glob": "3.x",
				"minimatch": "0.x"
			}
		},
		"follow-redirects": {
			"version": "1.13.0",
			"resolved": "https://registry.npmjs.org/follow-redirects/-/follow-redirects-1.13.0.tgz",
			"integrity": "sha512-aq6gF1BEKje4a9i9+5jimNFIpq4Q1WiwBToeRK5NvZBd/TRsmW8BsJfOEGkr76TbOyPVD3OVDN910EcUNtRYEA==",
			"dev": true
		},
		"formatio": {
			"version": "1.1.1",
			"resolved": "https://registry.npmjs.org/formatio/-/formatio-1.1.1.tgz",
			"integrity": "sha1-XtPM1jZVEJc4NGXZlhmRAOhhYek=",
			"dev": true,
			"requires": {
				"samsam": "~1.1"
			}
		},
		"formidable": {
			"version": "1.0.17",
			"resolved": "https://registry.npmjs.org/formidable/-/formidable-1.0.17.tgz",
			"integrity": "sha1-71SRSQ+UM7cF+qdyScmQKa40hVk=",
			"dev": true
		},
		"fs.realpath": {
			"version": "1.0.0",
			"resolved": "https://registry.npmjs.org/fs.realpath/-/fs.realpath-1.0.0.tgz",
			"integrity": "sha1-FQStJSMVjKpA20onh8sBQRmU6k8=",
			"dev": true
		},
		"fstream": {
			"version": "0.1.31",
			"resolved": "https://registry.npmjs.org/fstream/-/fstream-0.1.31.tgz",
			"integrity": "sha1-czfwWPu7vvqMn1YaKMqwhJICyYg=",
			"dev": true,
			"requires": {
				"graceful-fs": "~3.0.2",
				"inherits": "~2.0.0",
				"mkdirp": "0.5",
				"rimraf": "2"
			},
			"dependencies": {
				"glob": {
					"version": "7.1.6",
					"resolved": "https://registry.npmjs.org/glob/-/glob-7.1.6.tgz",
					"integrity": "sha512-LwaxwyZ72Lk7vZINtNNrywX0ZuLyStrdDtabefZKAY5ZGJhVtgdznluResxNmPitE0SAO+O26sWTHeKSI2wMBA==",
					"dev": true,
					"requires": {
						"fs.realpath": "^1.0.0",
						"inflight": "^1.0.4",
						"inherits": "2",
						"minimatch": "^3.0.4",
						"once": "^1.3.0",
						"path-is-absolute": "^1.0.0"
					}
				},
				"minimatch": {
					"version": "3.0.4",
					"resolved": "https://registry.npmjs.org/minimatch/-/minimatch-3.0.4.tgz",
					"integrity": "sha512-yJHVQEhyqPLUTgt9B83PXu6W3rx4MvvHvSUvToogpwoGDOUQ+yDrR0HRot+yOCdCO7u4hX3pWft6kWBBcqh0UA==",
					"dev": true,
					"requires": {
						"brace-expansion": "^1.1.7"
					}
				},
				"minimist": {
					"version": "1.2.5",
					"resolved": "https://registry.npmjs.org/minimist/-/minimist-1.2.5.tgz",
					"integrity": "sha512-FM9nNUYrRBAELZQT3xeZQ7fmMOBg6nWNmJKTcgsJeaLstP/UODVpGsr5OhXhhXg6f+qtJ8uiZ+PUxkDWcgIXLw==",
					"dev": true
				},
				"mkdirp": {
					"version": "0.5.3",
					"resolved": "https://registry.npmjs.org/mkdirp/-/mkdirp-0.5.3.tgz",
					"integrity": "sha512-P+2gwrFqx8lhew375MQHHeTlY8AuOJSrGf0R5ddkEndUkmwpgUob/vQuBD1V22/Cw1/lJr4x+EjllSezBThzBg==",
					"dev": true,
					"requires": {
						"minimist": "^1.2.5"
					}
				},
				"rimraf": {
					"version": "2.7.1",
					"resolved": "https://registry.npmjs.org/rimraf/-/rimraf-2.7.1.tgz",
					"integrity": "sha512-uWjbaKIK3T1OSVptzX7Nl6PvQ3qAGtKEtVRjRuazjfL3Bx5eI409VZSqgND+4UNnmzLVdPj9FqFJNPqBZFve4w==",
					"dev": true,
					"requires": {
						"glob": "^7.1.3"
					}
				}
			}
		},
		"get-stdin": {
			"version": "0.1.0",
			"resolved": "https://registry.npmjs.org/get-stdin/-/get-stdin-0.1.0.tgz",
			"integrity": "sha1-WZivJKr8gC0VyCxoVlfuuLENSpE=",
			"dev": true
		},
		"glob": {
			"version": "3.2.7",
			"resolved": "https://registry.npmjs.org/glob/-/glob-3.2.7.tgz",
			"integrity": "sha1-J185oO7oBWlHkJJPNurDjh222AI=",
			"dev": true,
			"requires": {
				"inherits": "2",
				"minimatch": "~0.2.11"
			}
		},
		"got": {
			"version": "0.2.0",
			"resolved": "https://registry.npmjs.org/got/-/got-0.2.0.tgz",
			"integrity": "sha1-0Awkiyn9zK6pQN+coJlev/MbUaU=",
			"dev": true,
			"requires": {
				"object-assign": "^0.3.0"
			}
		},
		"graceful-fs": {
			"version": "3.0.12",
			"resolved": "https://registry.npmjs.org/graceful-fs/-/graceful-fs-3.0.12.tgz",
			"integrity": "sha512-J55gaCS4iTTJfTXIxSVw3EMQckcqkpdRv3IR7gu6sq0+tbC363Zx6KH/SEwXASK9JRbhyZmVjJEVJIOxYsB3Qg==",
			"dev": true,
			"requires": {
				"natives": "^1.1.3"
			}
		},
		"handlebars": {
			"version": "1.3.0",
			"resolved": "https://registry.npmjs.org/handlebars/-/handlebars-1.3.0.tgz",
			"integrity": "sha1-npsTCpPjiUkTItl1zz7BgYw3zjQ=",
			"dev": true,
			"requires": {
				"optimist": "~0.3",
				"uglify-js": "~2.3"
			}
		},
		"http-proxy": {
			"version": "1.18.1",
			"resolved": "https://registry.npmjs.org/http-proxy/-/http-proxy-1.18.1.tgz",
			"integrity": "sha512-7mz/721AbnJwIVbnaSv1Cz3Am0ZLT/UBwkC92VlxhXv/k/BBQfM2fXElQNC27BVGr0uwUpplYPQM9LnaBMR5NQ==",
			"dev": true,
			"requires": {
				"eventemitter3": "^4.0.0",
				"follow-redirects": "^1.0.0",
				"requires-port": "^1.0.0"
			}
		},
		"inflight": {
			"version": "1.0.6",
			"resolved": "https://registry.npmjs.org/inflight/-/inflight-1.0.6.tgz",
			"integrity": "sha1-Sb1jMdfQLQwJvJEKEHW6gWW1bfk=",
			"dev": true,
			"requires": {
				"once": "^1.3.0",
				"wrappy": "1"
			}
		},
		"inherits": {
			"version": "2.0.4",
			"resolved": "https://registry.npmjs.org/inherits/-/inherits-2.0.4.tgz",
			"integrity": "sha512-k/vGaX4/Yla3WzyMCvTQOXYeIHvqOKtnqBduzTHpzpQZzAskKMhZ2K+EnBiSM9zGSoIFeMpXKxa4dYeZIQqewQ==",
			"dev": true
		},
		"intern-geezer": {
			"version": "2.2.2",
			"resolved": "https://registry.npmjs.org/intern-geezer/-/intern-geezer-2.2.2.tgz",
			"integrity": "sha1-u+Hx7DAanBNpN7KqbbVB2IygMhQ=",
			"dev": true,
			"requires": {
				"charm": "0.2.0",
				"diff": "1.1.0",
				"digdug": "1.2.1",
				"dojo": "1.9.4",
				"istanbul": "0.2.16",
				"leadfoot": "1.2.1",
				"source-map": "0.1.33"
			},
			"dependencies": {
				"dojo": {
					"version": "1.9.4",
					"resolved": "https://registry.npmjs.org/dojo/-/dojo-1.9.4.tgz",
					"integrity": "sha1-cq/VxZUgbQjv8tsnk2/g9FQ/ebM=",
					"dev": true
				}
			}
		},
		"is-arguments": {
			"version": "1.0.4",
			"resolved": "https://registry.npmjs.org/is-arguments/-/is-arguments-1.0.4.tgz",
			"integrity": "sha512-xPh0Rmt8NE65sNzvyUmWgI1tz3mKq74lGA0mL8LYZcoIzKOzDh6HmrYm3d18k60nHerC8A9Km8kYu87zfSFnLA==",
			"dev": true
		},
		"is-generator-function": {
			"version": "1.0.7",
			"resolved": "https://registry.npmjs.org/is-generator-function/-/is-generator-function-1.0.7.tgz",
			"integrity": "sha512-YZc5EwyO4f2kWCax7oegfuSr9mFz1ZvieNYBEjmukLxgXfBUbxAWGVF7GZf0zidYtoBl3WvC07YK0wT76a+Rtw==",
			"dev": true
		},
		"istanbul": {
			"version": "0.2.16",
			"resolved": "https://registry.npmjs.org/istanbul/-/istanbul-0.2.16.tgz",
			"integrity": "sha1-hwVFoNT0tM4WEDnp6AWpjCxwC9k=",
			"dev": true,
			"requires": {
				"abbrev": "1.0.x",
				"async": "0.9.x",
				"escodegen": "1.3.x",
				"esprima": "1.2.x",
				"fileset": "0.1.x",
				"handlebars": "1.3.x",
				"js-yaml": "3.x",
				"mkdirp": "0.5.x",
				"nopt": "3.x",
				"resolve": "0.7.x",
				"which": "1.0.x",
				"wordwrap": "0.0.x"
			},
			"dependencies": {
				"abbrev": {
					"version": "1.0.9",
					"resolved": "https://registry.npmjs.org/abbrev/-/abbrev-1.0.9.tgz",
					"integrity": "sha1-kbR5JYinc4wl813W9jdSovh3YTU=",
					"dev": true
				},
				"async": {
					"version": "0.9.2",
					"resolved": "https://registry.npmjs.org/async/-/async-0.9.2.tgz",
					"integrity": "sha1-rqdNXmHB+JlhO/ZL2mbUx48v0X0=",
					"dev": true
				},
				"minimist": {
					"version": "1.2.5",
					"resolved": "https://registry.npmjs.org/minimist/-/minimist-1.2.5.tgz",
					"integrity": "sha512-FM9nNUYrRBAELZQT3xeZQ7fmMOBg6nWNmJKTcgsJeaLstP/UODVpGsr5OhXhhXg6f+qtJ8uiZ+PUxkDWcgIXLw==",
					"dev": true
				},
				"mkdirp": {
					"version": "0.5.3",
					"resolved": "https://registry.npmjs.org/mkdirp/-/mkdirp-0.5.3.tgz",
					"integrity": "sha512-P+2gwrFqx8lhew375MQHHeTlY8AuOJSrGf0R5ddkEndUkmwpgUob/vQuBD1V22/Cw1/lJr4x+EjllSezBThzBg==",
					"dev": true,
					"requires": {
						"minimist": "^1.2.5"
					}
				},
				"nopt": {
					"version": "3.0.6",
					"resolved": "https://registry.npmjs.org/nopt/-/nopt-3.0.6.tgz",
					"integrity": "sha1-xkZdvwirzU2zWTF/eaxopkayj/k=",
					"dev": true,
					"requires": {
						"abbrev": "1"
					}
				}
			}
		},
		"js-yaml": {
			"version": "3.13.1",
			"resolved": "https://registry.npmjs.org/js-yaml/-/js-yaml-3.13.1.tgz",
			"integrity": "sha512-YfbcO7jXDdyj0DGxYVSlSeQNHbD7XPWvrVWeVUujrQEoZzWJIRrCPoyk6kL6IAjAG2IolMK4T0hNUe0HOUs5Jw==",
			"dev": true,
			"requires": {
				"argparse": "^1.0.7",
				"esprima": "^4.0.0"
			},
			"dependencies": {
				"esprima": {
					"version": "4.0.1",
					"resolved": "https://registry.npmjs.org/esprima/-/esprima-4.0.1.tgz",
					"integrity": "sha512-eGuFFw7Upda+g4p+QHvnW0RyTX/SVeJBDM/gCtMARO0cLuT2HcEKnTPvhjV6aGeqrCB/sbNop0Kszm0jsaWU4A==",
					"dev": true
				}
			}
		},
		"jsgi-node": {
			"version": "0.3.1",
			"resolved": "https://registry.npmjs.org/jsgi-node/-/jsgi-node-0.3.1.tgz",
			"integrity": "sha1-hTK4huuB7MLjDqkr6BaMOE2bOW4=",
			"dev": true
		},
		"leadfoot": {
			"version": "1.2.1",
			"resolved": "https://registry.npmjs.org/leadfoot/-/leadfoot-1.2.1.tgz",
			"integrity": "sha1-HU9UeNlIi2WDKPPp/B7YrnF2yYs=",
			"dev": true,
			"requires": {
				"dojo": "2.0.0-alpha4"
			},
			"dependencies": {
				"dojo": {
					"version": "2.0.0-alpha4",
					"resolved": "https://registry.npmjs.org/dojo/-/dojo-2.0.0-alpha4.tgz",
					"integrity": "sha1-OUTRjZ9pS/hOZBqtTH1PNDfLBFk=",
					"dev": true
				}
			}
		},
		"lodash": {
			"version": "2.4.2",
			"resolved": "https://registry.npmjs.org/lodash/-/lodash-2.4.2.tgz",
			"integrity": "sha1-+t2DS5aDBz2hebPq5tnA0VBT9z4=",
			"dev": true
		},
		"lolex": {
			"version": "1.1.0",
			"resolved": "https://registry.npmjs.org/lolex/-/lolex-1.1.0.tgz",
			"integrity": "sha1-Xbu8hQOV51I8dLNYb3+9JibSWxs=",
			"dev": true
		},
		"lru-cache": {
			"version": "2.7.3",
			"resolved": "https://registry.npmjs.org/lru-cache/-/lru-cache-2.7.3.tgz",
			"integrity": "sha1-bUUk6LlV+V1PW1iFHOId1y+06VI=",
			"dev": true
		},
		"map-key": {
			"version": "0.1.5",
			"resolved": "https://registry.npmjs.org/map-key/-/map-key-0.1.5.tgz",
			"integrity": "sha1-ivsTTyoyGk3im+/LWqujNIs3vfw=",
			"dev": true,
			"requires": {
				"lodash": "^2.4.1",
				"underscore.string": "^2.3.3"
			}
		},
		"minimatch": {
			"version": "0.2.14",
			"resolved": "https://registry.npmjs.org/minimatch/-/minimatch-0.2.14.tgz",
			"integrity": "sha1-x054BXT2PG+aCQ6Q775u9TpqdWo=",
			"dev": true,
			"requires": {
				"lru-cache": "2",
				"sigmund": "~1.0.0"
			}
		},
		"natives": {
			"version": "1.1.6",
			"resolved": "https://registry.npmjs.org/natives/-/natives-1.1.6.tgz",
			"integrity": "sha512-6+TDFewD4yxY14ptjKaS63GVdtKiES1pTPyxn9Jb0rBqPMZ7VcCiooEhPNsr+mqHtMGxa/5c/HhcC4uPEUw/nA==",
			"dev": true
		},
		"nopt": {
			"version": "2.2.1",
			"resolved": "https://registry.npmjs.org/nopt/-/nopt-2.2.1.tgz",
			"integrity": "sha1-KqCbfRdoSHs7ianFqlIzW/8Lrqc=",
			"dev": true,
			"requires": {
				"abbrev": "1"
			}
		},
		"object-assign": {
			"version": "0.3.1",
			"resolved": "https://registry.npmjs.org/object-assign/-/object-assign-0.3.1.tgz",
			"integrity": "sha1-Bg4qKifXwNd+x3t48Rqkf9iACNI=",
			"dev": true
		},
		"once": {
			"version": "1.4.0",
			"resolved": "https://registry.npmjs.org/once/-/once-1.4.0.tgz",
			"integrity": "sha1-WDsap3WWHUsROsF9nFC6753Xa9E=",
			"dev": true,
			"requires": {
				"wrappy": "1"
			}
		},
		"optimist": {
			"version": "0.3.7",
			"resolved": "https://registry.npmjs.org/optimist/-/optimist-0.3.7.tgz",
			"integrity": "sha1-yQlBrVnkJzMokjB00s8ufLxuwNk=",
			"dev": true,
			"requires": {
				"wordwrap": "~0.0.2"
			}
		},
		"path-is-absolute": {
			"version": "1.0.1",
			"resolved": "https://registry.npmjs.org/path-is-absolute/-/path-is-absolute-1.0.1.tgz",
			"integrity": "sha1-F0uSaHNVNP+8es5r9TpanhtcX18=",
			"dev": true
		},
		"requires-port": {
			"version": "1.0.0",
			"resolved": "https://registry.npmjs.org/requires-port/-/requires-port-1.0.0.tgz",
			"integrity": "sha1-kl0mAdOaxIXgkc8NpcbmlNw9yv8=",
			"dev": true
		},
		"resolve": {
			"version": "0.7.4",
			"resolved": "https://registry.npmjs.org/resolve/-/resolve-0.7.4.tgz",
			"integrity": "sha1-OVqe+ehz+/4SvRRAi9kbuTYAPWk=",
			"dev": true
		},
		"safe-buffer": {
			"version": "5.2.0",
			"resolved": "https://registry.npmjs.org/safe-buffer/-/safe-buffer-5.2.0.tgz",
			"integrity": "sha512-fZEwUGbVl7kouZs1jCdMLdt95hdIv0ZeHg6L7qPeciMZhZ+/gdesW4wgTARkrFWEpspjEATAzUGPG8N2jJiwbg==",
			"dev": true
		},
		"samsam": {
			"version": "1.1.3",
			"resolved": "https://registry.npmjs.org/samsam/-/samsam-1.1.3.tgz",
			"integrity": "sha1-n1CHQZtNCR8jJXHn+lLpCw9VJiE=",
			"dev": true
		},
		"sigmund": {
			"version": "1.0.1",
			"resolved": "https://registry.npmjs.org/sigmund/-/sigmund-1.0.1.tgz",
			"integrity": "sha1-P/IfGYytIXX587eBhT/ZTQ0ZtZA=",
			"dev": true
		},
		"sinon": {
			"version": "1.12.2",
			"resolved": "https://registry.npmjs.org/sinon/-/sinon-1.12.2.tgz",
			"integrity": "sha1-3Yk9H5O/plKufCoIxuqkKJhFLJQ=",
			"dev": true,
			"requires": {
				"formatio": "1.1.1",
				"lolex": "1.1.0",
				"util": ">=0.10.3 <1"
			}
		},
		"source-map": {
			"version": "0.1.33",
			"resolved": "https://registry.npmjs.org/source-map/-/source-map-0.1.33.tgz",
			"integrity": "sha1-xlkpenOvGMBzsKoufMkeMWtcVww=",
			"dev": true,
			"requires": {
				"amdefine": ">=0.0.4"
			}
		},
		"sprintf-js": {
			"version": "1.0.3",
			"resolved": "https://registry.npmjs.org/sprintf-js/-/sprintf-js-1.0.3.tgz",
			"integrity": "sha1-BOaSb2YolTVPPdAVIDYzuFcpfiw=",
			"dev": true
		},
		"stream-combiner": {
			"version": "0.0.4",
			"resolved": "https://registry.npmjs.org/stream-combiner/-/stream-combiner-0.0.4.tgz",
			"integrity": "sha1-TV5DPBhSYd3mI8o/RMWGvPXErRQ=",
			"dev": true,
			"requires": {
				"duplexer": "~0.1.1"
			}
		},
		"tar": {
			"version": "0.1.20",
			"resolved": "https://registry.npmjs.org/tar/-/tar-0.1.20.tgz",
			"integrity": "sha1-QpQLrltfIsdEg2mRJvnz8nRJyxM=",
			"dev": true,
			"requires": {
				"block-stream": "*",
				"fstream": "~0.1.28",
				"inherits": "2"
			}
		},
		"tempfile": {
			"version": "0.1.3",
			"resolved": "https://registry.npmjs.org/tempfile/-/tempfile-0.1.3.tgz",
			"integrity": "sha1-fWtxAEcznTn4RzJ6BW2t8YMQMBA=",
			"dev": true,
			"requires": {
				"uuid": "~1.4.0"
			}
		},
		"uglify-js": {
			"version": "2.3.6",
			"resolved": "https://registry.npmjs.org/uglify-js/-/uglify-js-2.3.6.tgz",
			"integrity": "sha1-+gmEdwtCi3qbKoBY9GNV0U/vIRo=",
			"dev": true,
			"optional": true,
			"requires": {
				"async": "~0.2.6",
				"optimist": "~0.3.5",
				"source-map": "~0.1.7"
			},
			"dependencies": {
				"async": {
					"version": "0.2.10",
					"resolved": "https://registry.npmjs.org/async/-/async-0.2.10.tgz",
					"integrity": "sha1-trvgsGdLnXGXCMo43owjfLUmw9E=",
					"dev": true,
					"optional": true
				}
			}
		},
		"underscore.string": {
			"version": "2.3.3",
			"resolved": "https://registry.npmjs.org/underscore.string/-/underscore.string-2.3.3.tgz",
			"integrity": "sha1-ccCL9rQosRM/N+ePo6Icgvcymw0=",
			"dev": true
		},
		"util": {
			"version": "0.12.2",
			"resolved": "https://registry.npmjs.org/util/-/util-0.12.2.tgz",
			"integrity": "sha512-XE+MkWQvglYa+IOfBt5UFG93EmncEMP23UqpgDvVZVFBPxwmkK10QRp6pgU4xICPnWRf/t0zPv4noYSUq9gqUQ==",
			"dev": true,
			"requires": {
				"inherits": "^2.0.3",
				"is-arguments": "^1.0.4",
				"is-generator-function": "^1.0.7",
				"safe-buffer": "^5.1.2"
			}
		},
		"uuid": {
			"version": "1.4.2",
			"resolved": "https://registry.npmjs.org/uuid/-/uuid-1.4.2.tgz",
			"integrity": "sha1-RTAZ9oaWam34PNxSROfJkOzDMvw=",
			"dev": true
		},
		"which": {
			"version": "1.0.9",
			"resolved": "https://registry.npmjs.org/which/-/which-1.0.9.tgz",
			"integrity": "sha1-RgwdoPgQED0DIam2M6+eV15kSG8=",
			"dev": true
		},
		"wordwrap": {
			"version": "0.0.3",
			"resolved": "https://registry.npmjs.org/wordwrap/-/wordwrap-0.0.3.tgz",
			"integrity": "sha1-o9XabNXAvAAI03I0u68b7WMFkQc=",
			"dev": true
		},
		"wrappy": {
			"version": "1.0.2",
			"resolved": "https://registry.npmjs.org/wrappy/-/wrappy-1.0.2.tgz",
			"integrity": "sha1-tSQ9jz7BqjXxNkYFvA0QNuMKtp8=",
			"dev": true
		}
	}
}
